
Microsoft Visual Studio Solution File, Format Version 12.00
# Visual Studio Version 16
VisualStudioVersion = 16.0.30709.132
MinimumVisualStudioVersion = 10.0.40219.1
Project("{8BC9CEB8-8B4A-11D0-8D11-00A0C91BC942}") = "Project2", "Project2\Project2.vcxproj", "{669B43A6-F497-4915-85D1-9DA5D1C2001B}"
EndProject
Project("{8BC9CEB8-8B4A-11D0-8D11-00A0C91BC942}") = "Project1", "Project1\Project1.vcxproj", "{261BF621-59EC-4C9B-8820-9608E9E4C74F}"
EndProject
Project("{8BC9CEB8-8B4A-11D0-8D11-00A0C91BC942}") = "Project345", "Project345\Project345.vcxproj", "{94DB53DA-5164-4AA3-8FE2-894FA46084BB}"
EndProject
Global
	GlobalSection(SolutionConfigurationPlatforms) = preSolution
		Debug|x64 = Debug|x64
		Debug|x86 = Debug|x86
		Release|x64 = Release|x64
		Release|x86 = Release|x86
	EndGlobalSection
	GlobalSection(ProjectConfigurationPlatforms) = postSolution
		{669B43A6-F497-4915-85D1-9DA5D1C2001B}.Debug|x64.ActiveCfg = Debug|x64
		{669B43A6-F497-4915-85D1-9DA5D1C2001B}.Debug|x64.Build.0 = Debug|x64
		{669B43A6-F497-4915-85D1-9DA5D1C2001B}.Debug|x86.ActiveCfg = Debug|Win32
		{669B43A6-F497-4915-85D1-9DA5D1C2001B}.Debug|x86.Build.0 = Debug|Win32
		{669B43A6-F497-4915-85D1-9DA5D1C2001B}.Release|x64.ActiveCfg = Release|x64
		{669B43A6-F497-4915-85D1-9DA5D1C2001B}.Release|x64.Build.0 = Release|x64
		{669B43A6-F497-4915-85D1-9DA5D1C2001B}.Release|x86.ActiveCfg = Release|Win32
		{669B43A6-F497-4915-85D1-9DA5D1C2001B}.Release|x86.Build.0 = Release|Win32
		{261BF621-59EC-4C9B-8820-9608E9E4C74F}.Debug|x64.ActiveCfg = Debug|x64
		{261BF621-59EC-4C9B-8820-9608E9E4C74F}.Debug|x64.Build.0 = Debug|x64
		{261BF621-59EC-4C9B-8820-9608E9E4C74F}.Debug|x86.ActiveCfg = Debug|Win32
		{261BF621-59EC-4C9B-8820-9608E9E4C74F}.Debug|x86.Build.0 = Debug|Win32
		{261BF621-59EC-4C9B-8820-9608E9E4C74F}.Release|x64.ActiveCfg = Release|x64
		{261BF621-59EC-4C9B-8820-9608E9E4C74F}.Release|x64.Build.0 = Release|x64
		{261BF621-59EC-4C9B-8820-9608E9E4C74F}.Release|x86.ActiveCfg = Release|Win32
		{261BF621-59EC-4C9B-8820-9608E9E4C74F}.Release|x86.Build.0 = Release|Win32
		{94DB53DA-5164-4AA3-8FE2-894FA46084BB}.Debug|x64.ActiveCfg = Debug|x64
		{94DB53DA-5164-4AA3-8FE2-894FA46084BB}.Debug|x64.Build.0 = Debug|x64
		{94DB53DA-5164-4AA3-8FE2-894FA46084BB}.Debug|x86.ActiveCfg = Debug|Win32
		{94DB53DA-5164-4AA3-8FE2-894FA46084BB}.Debug|x86.Build.0 = Debug|Win32
		{94DB53DA-5164-4AA3-8FE2-894FA46084BB}.Release|x64.ActiveCfg = Release|x64
		{94DB53DA-5164-4AA3-8FE2-894FA46084BB}.Release|x64.Build.0 = Release|x64
		{94DB53DA-5164-4AA3-8FE2-894FA46084BB}.Release|x86.ActiveCfg = Release|Win32
		{94DB53DA-5164-4AA3-8FE2-894FA46084BB}.Release|x86.Build.0 = Release|Win32
	EndGlobalSection
	GlobalSection(SolutionProperties) = preSolution
		HideSolutionNode = FALSE
	EndGlobalSection
	GlobalSection(ExtensibilityGlobals) = postSolution
		SolutionGuid = {9211114E-8E54-4E0B-898E-791E1C7831F4}
	EndGlobalSection
EndGlobal
